
Microsoft Visual Studio Solution File, Format Version 12.00
# Visual Studio Version 17
VisualStudioVersion = 17.4.33110.190
MinimumVisualStudioVersion = 10.0.40219.1
Project("{FAE04EC0-301F-11D3-BF4B-00C04F79EFBC}") = "YouCanBuildIt", "YouCanBuildIt.csproj", "{797A974B-A224-4786-B8FD-EF1F1B3DEB76}"
EndProject
Global
	GlobalSection(SolutionConfigurationPlatforms) = preSolution
		Debug|Any CPU = Debug|Any CPU
		Release|Any CPU = Release|Any CPU
	EndGlobalSection
	GlobalSection(ProjectConfigurationPlatforms) = postSolution
		{797A974B-A224-4786-B8FD-EF1F1B3DEB76}.Debug|Any CPU.ActiveCfg = Debug|Any CPU
		{797A974B-A224-4786-B8FD-EF1F1B3DEB76}.Debug|Any CPU.Build.0 = Debug|Any CPU
		{797A974B-A224-4786-B8FD-EF1F1B3DEB76}.Release|Any CPU.ActiveCfg = Release|Any CPU
		{797A974B-A224-4786-B8FD-EF1F1B3DEB76}.Release|Any CPU.Build.0 = Release|Any CPU
	EndGlobalSection
	GlobalSection(SolutionProperties) = preSolution
		HideSolutionNode = FALSE
	EndGlobalSection
	GlobalSection(ExtensibilityGlobals) = postSolution
		SolutionGuid = {D6B82707-A225-43BF-A27B-FD7C574A9AAB}
	EndGlobalSection
EndGlobal
